// !$*UTF8*$!
{
	archiveVersion = 1;
	classes = {
	};
	objectVersion = 55;
	objects = {

/* Begin PBXBuildFile section */
		21714BBD28B5BCEA00C5C041 /* LightingBrowserApp.swift in Sources */ = {isa = PBXBuildFile; fileRef = 21714BBC28B5BCEA00C5C041 /* LightingBrowserApp.swift */; };
		21714BBF28B5BCEA00C5C041 /* ContentView.swift in Sources */ = {isa = PBXBuildFile; fileRef = 21714BBE28B5BCEA00C5C041 /* ContentView.swift */; };
		21714BC128B5BCF600C5C041 /* Assets.xcassets in Resources */ = {isa = PBXBuildFile; fileRef = 21714BC028B5BCF600C5C041 /* Assets.xcassets */; };
		21714BC428B5BCF600C5C041 /* Preview Assets.xcassets in Resources */ = {isa = PBXBuildFile; fileRef = 21714BC328B5BCF600C5C041 /* Preview Assets.xcassets */; };
		2C27BA7D141BCA7A49A95DCF /* Pods_LightingBrowser.framework in Frameworks */ = {isa = PBXBuildFile; fileRef = BD3672D09F928D339E0EE290 /* Pods_LightingBrowser.framework */; };
		C7C5D77D28B5C5BF0055D465 /* Launch Screen.storyboard in Resources */ = {isa = PBXBuildFile; fileRef = C7C5D77C28B5C5BF0055D465 /* Launch Screen.storyboard */; };
		C7C5D79528B5C6900055D465 /* Helper.swift in Sources */ = {isa = PBXBuildFile; fileRef = C7C5D78028B5C6900055D465 /* Helper.swift */; };
		C7C5D79628B5C6900055D465 /* BrowseItem.swift in Sources */ = {isa = PBXBuildFile; fileRef = C7C5D78228B5C6900055D465 /* BrowseItem.swift */; };
		C7C5D79728B5C6900055D465 /* State.swift in Sources */ = {isa = PBXBuildFile; fileRef = C7C5D78328B5C6900055D465 /* State.swift */; };
		C7C5D79828B5C6900055D465 /* Command.swift in Sources */ = {isa = PBXBuildFile; fileRef = C7C5D78428B5C6900055D465 /* Command.swift */; };
		C7C5D79928B5C6900055D465 /* FirebaseCommand.swift in Sources */ = {isa = PBXBuildFile; fileRef = C7C5D78528B5C6900055D465 /* FirebaseCommand.swift */; };
		C7C5D79A28B5C6900055D465 /* Store.swift in Sources */ = {isa = PBXBuildFile; fileRef = C7C5D78628B5C6900055D465 /* Store.swift */; };
		C7C5D79B28B5C6900055D465 /* Action.swift in Sources */ = {isa = PBXBuildFile; fileRef = C7C5D78728B5C6900055D465 /* Action.swift */; };
		C7C5D79C28B5C6900055D465 /* ViewCommand.swift in Sources */ = {isa = PBXBuildFile; fileRef = C7C5D78828B5C6900055D465 /* ViewCommand.swift */; };
		C7C5D79D28B5C6900055D465 /* PrivacyView.swift in Sources */ = {isa = PBXBuildFile; fileRef = C7C5D78A28B5C6900055D465 /* PrivacyView.swift */; };
		C7C5D79E28B5C6900055D465 /* HomeView.swift in Sources */ = {isa = PBXBuildFile; fileRef = C7C5D78B28B5C6900055D465 /* HomeView.swift */; };
		C7C5D79F28B5C6900055D465 /* ShareView.swift in Sources */ = {isa = PBXBuildFile; fileRef = C7C5D78C28B5C6900055D465 /* ShareView.swift */; };
		C7C5D7A028B5C6900055D465 /* TermsView.swift in Sources */ = {isa = PBXBuildFile; fileRef = C7C5D78D28B5C6900055D465 /* TermsView.swift */; };
		C7C5D7A128B5C6900055D465 /* RootView.swift in Sources */ = {isa = PBXBuildFile; fileRef = C7C5D78E28B5C6900055D465 /* RootView.swift */; };
		C7C5D7A228B5C6900055D465 /* TabView.swift in Sources */ = {isa = PBXBuildFile; fileRef = C7C5D78F28B5C6900055D465 /* TabView.swift */; };
		C7C5D7A328B5C6900055D465 /* WebView.swift in Sources */ = {isa = PBXBuildFile; fileRef = C7C5D79028B5C6900055D465 /* WebView.swift */; };
		C7C5D7A428B5C6900055D465 /* LaunchView.swift in Sources */ = {isa = PBXBuildFile; fileRef = C7C5D79128B5C6900055D465 /* LaunchView.swift */; };
		C7C5D7A528B5C6900055D465 /* CleanAlertView.swift in Sources */ = {isa = PBXBuildFile; fileRef = C7C5D79228B5C6900055D465 /* CleanAlertView.swift */; };
		C7C5D7A628B5C6900055D465 /* SettingView.swift in Sources */ = {isa = PBXBuildFile; fileRef = C7C5D79328B5C6900055D465 /* SettingView.swift */; };
		C7C5D7A728B5C6900055D465 /* CleanView.swift in Sources */ = {isa = PBXBuildFile; fileRef = C7C5D79428B5C6900055D465 /* CleanView.swift */; };
		C7E0FFBF28B5F37800231E5F /* ADCommand.swift in Sources */ = {isa = PBXBuildFile; fileRef = C7E0FFBE28B5F37800231E5F /* ADCommand.swift */; };
		C7E0FFC128B5F44C00231E5F /* ADItem.swift in Sources */ = {isa = PBXBuildFile; fileRef = C7E0FFC028B5F44C00231E5F /* ADItem.swift */; };
		C7E0FFC528B5F86000231E5F /* NativeView.swift in Sources */ = {isa = PBXBuildFile; fileRef = C7E0FFC428B5F86000231E5F /* NativeView.swift */; };
		C7E0FFC728B5FA1700231E5F /* GoogleService-Info.plist in Resources */ = {isa = PBXBuildFile; fileRef = C7E0FFC628B5FA1700231E5F /* GoogleService-Info.plist */; };
		C7E0FFC928B5FA3100231E5F /* admob.json in Resources */ = {isa = PBXBuildFile; fileRef = C7E0FFC828B5FA3100231E5F /* admob.json */; };
/* End PBXBuildFile section */

/* Begin PBXFileReference section */
		21714BB928B5BCE700C5C041 /* LightingBrowser.app */ = {isa = PBXFileReference; explicitFileType = wrapper.application; includeInIndex = 0; path = LightingBrowser.app; sourceTree = BUILT_PRODUCTS_DIR; };
		21714BBC28B5BCEA00C5C041 /* LightingBrowserApp.swift */ = {isa = PBXFileReference; lastKnownFileType = sourcecode.swift; path = LightingBrowserApp.swift; sourceTree = "<group>"; };
		21714BBE28B5BCEA00C5C041 /* ContentView.swift */ = {isa = PBXFileReference; lastKnownFileType = sourcecode.swift; path = ContentView.swift; sourceTree = "<group>"; };
		21714BC028B5BCF600C5C041 /* Assets.xcassets */ = {isa = PBXFileReference; lastKnownFileType = folder.assetcatalog; path = Assets.xcassets; sourceTree = "<group>"; };
		21714BC328B5BCF600C5C041 /* Preview Assets.xcassets */ = {isa = PBXFileReference; lastKnownFileType = folder.assetcatalog; path = "Preview Assets.xcassets"; sourceTree = "<group>"; };
		95FFB69C420274948892904A /* Pods-LightingBrowser.debug.xcconfig */ = {isa = PBXFileReference; includeInIndex = 1; lastKnownFileType = text.xcconfig; name = "Pods-LightingBrowser.debug.xcconfig"; path = "Target Support Files/Pods-LightingBrowser/Pods-LightingBrowser.debug.xcconfig"; sourceTree = "<group>"; };
		BD3672D09F928D339E0EE290 /* Pods_LightingBrowser.framework */ = {isa = PBXFileReference; explicitFileType = wrapper.framework; includeInIndex = 0; path = Pods_LightingBrowser.framework; sourceTree = BUILT_PRODUCTS_DIR; };
		C7C5D77C28B5C5BF0055D465 /* Launch Screen.storyboard */ = {isa = PBXFileReference; fileEncoding = 4; lastKnownFileType = file.storyboard; path = "Launch Screen.storyboard"; sourceTree = "<group>"; };
		C7C5D77E28B5C5FB0055D465 /* Info.plist */ = {isa = PBXFileReference; lastKnownFileType = text.plist; path = Info.plist; sourceTree = "<group>"; };
		C7C5D78028B5C6900055D465 /* Helper.swift */ = {isa = PBXFileReference; fileEncoding = 4; lastKnownFileType = sourcecode.swift; path = Helper.swift; sourceTree = "<group>"; };
		C7C5D78228B5C6900055D465 /* BrowseItem.swift */ = {isa = PBXFileReference; fileEncoding = 4; lastKnownFileType = sourcecode.swift; path = BrowseItem.swift; sourceTree = "<group>"; };
		C7C5D78328B5C6900055D465 /* State.swift */ = {isa = PBXFileReference; fileEncoding = 4; lastKnownFileType = sourcecode.swift; path = State.swift; sourceTree = "<group>"; };
		C7C5D78428B5C6900055D465 /* Command.swift */ = {isa = PBXFileReference; fileEncoding = 4; lastKnownFileType = sourcecode.swift; path = Command.swift; sourceTree = "<group>"; };
		C7C5D78528B5C6900055D465 /* FirebaseCommand.swift */ = {isa = PBXFileReference; fileEncoding = 4; lastKnownFileType = sourcecode.swift; path = FirebaseCommand.swift; sourceTree = "<group>"; };
		C7C5D78628B5C6900055D465 /* Store.swift */ = {isa = PBXFileReference; fileEncoding = 4; lastKnownFileType = sourcecode.swift; path = Store.swift; sourceTree = "<group>"; };
		C7C5D78728B5C6900055D465 /* Action.swift */ = {isa = PBXFileReference; fileEncoding = 4; lastKnownFileType = sourcecode.swift; path = Action.swift; sourceTree = "<group>"; };
		C7C5D78828B5C6900055D465 /* ViewCommand.swift */ = {isa = PBXFileReference; fileEncoding = 4; lastKnownFileType = sourcecode.swift; path = ViewCommand.swift; sourceTree = "<group>"; };
		C7C5D78A28B5C6900055D465 /* PrivacyView.swift */ = {isa = PBXFileReference; fileEncoding = 4; lastKnownFileType = sourcecode.swift; path = PrivacyView.swift; sourceTree = "<group>"; };
		C7C5D78B28B5C6900055D465 /* HomeView.swift */ = {isa = PBXFileReference; fileEncoding = 4; lastKnownFileType = sourcecode.swift; path = HomeView.swift; sourceTree = "<group>"; };
		C7C5D78C28B5C6900055D465 /* ShareView.swift */ = {isa = PBXFileReference; fileEncoding = 4; lastKnownFileType = sourcecode.swift; path = ShareView.swift; sourceTree = "<group>"; };
		C7C5D78D28B5C6900055D465 /* TermsView.swift */ = {isa = PBXFileReference; fileEncoding = 4; lastKnownFileType = sourcecode.swift; path = TermsView.swift; sourceTree = "<group>"; };
		C7C5D78E28B5C6900055D465 /* RootView.swift */ = {isa = PBXFileReference; fileEncoding = 4; lastKnownFileType = sourcecode.swift; path = RootView.swift; sourceTree = "<group>"; };
		C7C5D78F28B5C6900055D465 /* TabView.swift */ = {isa = PBXFileReference; fileEncoding = 4; lastKnownFileType = sourcecode.swift; path = TabView.swift; sourceTree = "<group>"; };
		C7C5D79028B5C6900055D465 /* WebView.swift */ = {isa = PBXFileReference; fileEncoding = 4; lastKnownFileType = sourcecode.swift; path = WebView.swift; sourceTree = "<group>"; };
		C7C5D79128B5C6900055D465 /* LaunchView.swift */ = {isa = PBXFileReference; fileEncoding = 4; lastKnownFileType = sourcecode.swift; path = LaunchView.swift; sourceTree = "<group>"; };
		C7C5D79228B5C6900055D465 /* CleanAlertView.swift */ = {isa = PBXFileReference; fileEncoding = 4; lastKnownFileType = sourcecode.swift; path = CleanAlertView.swift; sourceTree = "<group>"; };
		C7C5D79328B5C6900055D465 /* SettingView.swift */ = {isa = PBXFileReference; fileEncoding = 4; lastKnownFileType = sourcecode.swift; path = SettingView.swift; sourceTree = "<group>"; };
		C7C5D79428B5C6900055D465 /* CleanView.swift */ = {isa = PBXFileReference; fileEncoding = 4; lastKnownFileType = sourcecode.swift; path = CleanView.swift; sourceTree = "<group>"; };
		C7E0FFBE28B5F37800231E5F /* ADCommand.swift */ = {isa = PBXFileReference; lastKnownFileType = sourcecode.swift; path = ADCommand.swift; sourceTree = "<group>"; };
		C7E0FFC028B5F44C00231E5F /* ADItem.swift */ = {isa = PBXFileReference; lastKnownFileType = sourcecode.swift; path = ADItem.swift; sourceTree = "<group>"; };
		C7E0FFC428B5F86000231E5F /* NativeView.swift */ = {isa = PBXFileReference; lastKnownFileType = sourcecode.swift; path = NativeView.swift; sourceTree = "<group>"; };
		C7E0FFC628B5FA1700231E5F /* GoogleService-Info.plist */ = {isa = PBXFileReference; fileEncoding = 4; lastKnownFileType = text.plist.xml; path = "GoogleService-Info.plist"; sourceTree = "<group>"; };
		C7E0FFC828B5FA3100231E5F /* admob.json */ = {isa = PBXFileReference; fileEncoding = 4; lastKnownFileType = text.json; path = admob.json; sourceTree = "<group>"; };
		D67D61B76627BEF442D4B952 /* Pods-LightingBrowser.release.xcconfig */ = {isa = PBXFileReference; includeInIndex = 1; lastKnownFileType = text.xcconfig; name = "Pods-LightingBrowser.release.xcconfig"; path = "Target Support Files/Pods-LightingBrowser/Pods-LightingBrowser.release.xcconfig"; sourceTree = "<group>"; };
/* End PBXFileReference section */

/* Begin PBXFrameworksBuildPhase section */
		21714BB628B5BCE700C5C041 /* Frameworks */ = {
			isa = PBXFrameworksBuildPhase;
			buildActionMask = 2147483647;
			files = (
				2C27BA7D141BCA7A49A95DCF /* Pods_LightingBrowser.framework in Frameworks */,
			);
			runOnlyForDeploymentPostprocessing = 0;
		};
/* End PBXFrameworksBuildPhase section */

/* Begin PBXGroup section */
		21714BB028B5BCE600C5C041 = {
			isa = PBXGroup;
			children = (
				21714BBB28B5BCE700C5C041 /* LightingBrowser */,
				21714BBA28B5BCE700C5C041 /* Products */,
				A6FA6414A006B94AAF2D96A6 /* Pods */,
				BE757A019E53D4CDF837274B /* Frameworks */,
			);
			sourceTree = "<group>";
		};
		21714BBA28B5BCE700C5C041 /* Products */ = {
			isa = PBXGroup;
			children = (
				21714BB928B5BCE700C5C041 /* LightingBrowser.app */,
			);
			name = Products;
			sourceTree = "<group>";
		};
		21714BBB28B5BCE700C5C041 /* LightingBrowser */ = {
			isa = PBXGroup;
			children = (
				C7E0FFC828B5FA3100231E5F /* admob.json */,
				C7E0FFC628B5FA1700231E5F /* GoogleService-Info.plist */,
				C7C5D78128B5C6900055D465 /* DataFlow */,
				C7C5D77F28B5C6900055D465 /* Util */,
				C7C5D78928B5C6900055D465 /* View */,
				C7C5D77E28B5C5FB0055D465 /* Info.plist */,
				C7C5D77C28B5C5BF0055D465 /* Launch Screen.storyboard */,
				21714BBC28B5BCEA00C5C041 /* LightingBrowserApp.swift */,
				21714BBE28B5BCEA00C5C041 /* ContentView.swift */,
				21714BC028B5BCF600C5C041 /* Assets.xcassets */,
				21714BC228B5BCF600C5C041 /* Preview Content */,
			);
			path = LightingBrowser;
			sourceTree = "<group>";
		};
		21714BC228B5BCF600C5C041 /* Preview Content */ = {
			isa = PBXGroup;
			children = (
				21714BC328B5BCF600C5C041 /* Preview Assets.xcassets */,
			);
			path = "Preview Content";
			sourceTree = "<group>";
		};
		A6FA6414A006B94AAF2D96A6 /* Pods */ = {
			isa = PBXGroup;
			children = (
				95FFB69C420274948892904A /* Pods-LightingBrowser.debug.xcconfig */,
				D67D61B76627BEF442D4B952 /* Pods-LightingBrowser.release.xcconfig */,
			);
			path = Pods;
			sourceTree = "<group>";
		};
		BE757A019E53D4CDF837274B /* Frameworks */ = {
			isa = PBXGroup;
			children = (
				BD3672D09F928D339E0EE290 /* Pods_LightingBrowser.framework */,
			);
			name = Frameworks;
			sourceTree = "<group>";
		};
		C7C5D77F28B5C6900055D465 /* Util */ = {
			isa = PBXGroup;
			children = (
				C7C5D78028B5C6900055D465 /* Helper.swift */,
			);
			path = Util;
			sourceTree = SOURCE_ROOT;
		};
		C7C5D78128B5C6900055D465 /* DataFlow */ = {
			isa = PBXGroup;
			children = (
				C7C5D78628B5C6900055D465 /* Store.swift */,
				C7C5D78328B5C6900055D465 /* State.swift */,
				C7C5D78728B5C6900055D465 /* Action.swift */,
				C7C5D78428B5C6900055D465 /* Command.swift */,
				C7C5D78828B5C6900055D465 /* ViewCommand.swift */,
				C7E0FFBE28B5F37800231E5F /* ADCommand.swift */,
				C7C5D78528B5C6900055D465 /* FirebaseCommand.swift */,
				C7C5D78228B5C6900055D465 /* BrowseItem.swift */,
				C7E0FFC028B5F44C00231E5F /* ADItem.swift */,
			);
			path = DataFlow;
			sourceTree = SOURCE_ROOT;
		};
		C7C5D78928B5C6900055D465 /* View */ = {
			isa = PBXGroup;
			children = (
				C7C5D79228B5C6900055D465 /* CleanAlertView.swift */,
				C7C5D79428B5C6900055D465 /* CleanView.swift */,
				C7C5D78B28B5C6900055D465 /* HomeView.swift */,
				C7C5D79128B5C6900055D465 /* LaunchView.swift */,
				C7C5D78A28B5C6900055D465 /* PrivacyView.swift */,
				C7C5D78E28B5C6900055D465 /* RootView.swift */,
				C7C5D79328B5C6900055D465 /* SettingView.swift */,
				C7C5D78C28B5C6900055D465 /* ShareView.swift */,
				C7C5D78F28B5C6900055D465 /* TabView.swift */,
				C7C5D78D28B5C6900055D465 /* TermsView.swift */,
				C7C5D79028B5C6900055D465 /* WebView.swift */,
				C7E0FFC428B5F86000231E5F /* NativeView.swift */,
			);
			path = View;
			sourceTree = SOURCE_ROOT;
		};
/* End PBXGroup section */

/* Begin PBXNativeTarget section */
		21714BB828B5BCE700C5C041 /* LightingBrowser */ = {
			isa = PBXNativeTarget;
			buildConfigurationList = 21714BC728B5BCF600C5C041 /* Build configuration list for PBXNativeTarget "LightingBrowser" */;
			buildPhases = (
				D5477061AE828053D41D32B2 /* [CP] Check Pods Manifest.lock */,
				21714BB528B5BCE700C5C041 /* Sources */,
				21714BB628B5BCE700C5C041 /* Frameworks */,
				21714BB728B5BCE700C5C041 /* Resources */,
				74B44D7AC52EBFE3A3DFD558 /* [CP] Embed Pods Frameworks */,
				C7C5D7A828B5C8F70055D465 /* ShellScript */,
			);
			buildRules = (
			);
			dependencies = (
			);
			name = LightingBrowser;
			productName = LightingBrowser;
			productReference = 21714BB928B5BCE700C5C041 /* LightingBrowser.app */;
			productType = "com.apple.product-type.application";
		};
/* End PBXNativeTarget section */

/* Begin PBXProject section */
		21714BB128B5BCE600C5C041 /* Project object */ = {
			isa = PBXProject;
			attributes = {
				BuildIndependentTargetsInParallel = 1;
				LastSwiftUpdateCheck = 1340;
				LastUpgradeCheck = 1340;
				TargetAttributes = {
					21714BB828B5BCE700C5C041 = {
						CreatedOnToolsVersion = 13.4.1;
					};
				};
			};
			buildConfigurationList = 21714BB428B5BCE600C5C041 /* Build configuration list for PBXProject "LightingBrowser" */;
			compatibilityVersion = "Xcode 13.0";
			developmentRegion = en;
			hasScannedForEncodings = 0;
			knownRegions = (
				en,
				Base,
			);
			mainGroup = 21714BB028B5BCE600C5C041;
			productRefGroup = 21714BBA28B5BCE700C5C041 /* Products */;
			projectDirPath = "";
			projectRoot = "";
			targets = (
				21714BB828B5BCE700C5C041 /* LightingBrowser */,
			);
		};
/* End PBXProject section */

/* Begin PBXResourcesBuildPhase section */
		21714BB728B5BCE700C5C041 /* Resources */ = {
			isa = PBXResourcesBuildPhase;
			buildActionMask = 2147483647;
			files = (
				C7E0FFC928B5FA3100231E5F /* admob.json in Resources */,
				C7C5D77D28B5C5BF0055D465 /* Launch Screen.storyboard in Resources */,
				C7E0FFC728B5FA1700231E5F /* GoogleService-Info.plist in Resources */,
				21714BC428B5BCF600C5C041 /* Preview Assets.xcassets in Resources */,
				21714BC128B5BCF600C5C041 /* Assets.xcassets in Resources */,
			);
			runOnlyForDeploymentPostprocessing = 0;
		};
/* End PBXResourcesBuildPhase section */

/* Begin PBXShellScriptBuildPhase section */
		74B44D7AC52EBFE3A3DFD558 /* [CP] Embed Pods Frameworks */ = {
			isa = PBXShellScriptBuildPhase;
			buildActionMask = 2147483647;
			files = (
			);
			inputFileListPaths = (
				"${PODS_ROOT}/Target Support Files/Pods-LightingBrowser/Pods-LightingBrowser-frameworks-${CONFIGURATION}-input-files.xcfilelist",
			);
			name = "[CP] Embed Pods Frameworks";
			outputFileListPaths = (
				"${PODS_ROOT}/Target Support Files/Pods-LightingBrowser/Pods-LightingBrowser-frameworks-${CONFIGURATION}-output-files.xcfilelist",
			);
			runOnlyForDeploymentPostprocessing = 0;
			shellPath = /bin/sh;
			shellScript = "\"${PODS_ROOT}/Target Support Files/Pods-LightingBrowser/Pods-LightingBrowser-frameworks.sh\"\n";
			showEnvVarsInLog = 0;
		};
		C7C5D7A828B5C8F70055D465 /* ShellScript */ = {
			isa = PBXShellScriptBuildPhase;
			buildActionMask = 2147483647;
			files = (
			);
			inputFileListPaths = (
			);
			inputPaths = (
				"${DWARF_DSYM_FOLDER_PATH}/${DWARF_DSYM_FILE_NAME}/Contents/Resources/DWARF/${TARGET_NAME}",
				"$(SRCROOT)/$(BUILT_PRODUCTS_DIR)/$(INFOPLIST_PATH)",
			);
			outputFileListPaths = (
			);
			outputPaths = (
			);
			runOnlyForDeploymentPostprocessing = 0;
			shellPath = /bin/sh;
			shellScript = "# Type a script or drag a script file from your workspace to insert its path.\n\"${PODS_ROOT}/FirebaseCrashlytics/run\"\n";
		};
		D5477061AE828053D41D32B2 /* [CP] Check Pods Manifest.lock */ = {
			isa = PBXShellScriptBuildPhase;
			buildActionMask = 2147483647;
			files = (
			);
			inputFileListPaths = (
			);
			inputPaths = (
				"${PODS_PODFILE_DIR_PATH}/Podfile.lock",
				"${PODS_ROOT}/Manifest.lock",
			);
			name = "[CP] Check Pods Manifest.lock";
			outputFileListPaths = (
			);
			outputPaths = (
				"$(DERIVED_FILE_DIR)/Pods-LightingBrowser-checkManifestLockResult.txt",
			);
			runOnlyForDeploymentPostprocessing = 0;
			shellPath = /bin/sh;
			shellScript = "diff \"${PODS_PODFILE_DIR_PATH}/Podfile.lock\" \"${PODS_ROOT}/Manifest.lock\" > /dev/null\nif [ $? != 0 ] ; then\n    # print error to STDERR\n    echo \"error: The sandbox is not in sync with the Podfile.lock. Run 'pod install' or update your CocoaPods installation.\" >&2\n    exit 1\nfi\n# This output is used by Xcode 'outputs' to avoid re-running this script phase.\necho \"SUCCESS\" > \"${SCRIPT_OUTPUT_FILE_0}\"\n";
			showEnvVarsInLog = 0;
		};
/* End PBXShellScriptBuildPhase section */

/* Begin PBXSourcesBuildPhase section */
		21714BB528B5BCE700C5C041 /* Sources */ = {
			isa = PBXSourcesBuildPhase;
			buildActionMask = 2147483647;
			files = (
				C7C5D79628B5C6900055D465 /* BrowseItem.swift in Sources */,
				C7C5D7A628B5C6900055D465 /* SettingView.swift in Sources */,
				C7E0FFBF28B5F37800231E5F /* ADCommand.swift in Sources */,
				C7C5D79B28B5C6900055D465 /* Action.swift in Sources */,
				C7C5D79C28B5C6900055D465 /* ViewCommand.swift in Sources */,
				C7E0FFC528B5F86000231E5F /* NativeView.swift in Sources */,
				21714BBF28B5BCEA00C5C041 /* ContentView.swift in Sources */,
				C7C5D79D28B5C6900055D465 /* PrivacyView.swift in Sources */,
				21714BBD28B5BCEA00C5C041 /* LightingBrowserApp.swift in Sources */,
				C7C5D7A028B5C6900055D465 /* TermsView.swift in Sources */,
				C7C5D7A528B5C6900055D465 /* CleanAlertView.swift in Sources */,
				C7C5D7A428B5C6900055D465 /* LaunchView.swift in Sources */,
				C7C5D79A28B5C6900055D465 /* Store.swift in Sources */,
				C7C5D79728B5C6900055D465 /* State.swift in Sources */,
				C7C5D79528B5C6900055D465 /* Helper.swift in Sources */,
				C7C5D7A228B5C6900055D465 /* TabView.swift in Sources */,
				C7C5D7A328B5C6900055D465 /* WebView.swift in Sources */,
				C7C5D79F28B5C6900055D465 /* ShareView.swift in Sources */,
				C7C5D79E28B5C6900055D465 /* HomeView.swift in Sources */,
				C7C5D7A728B5C6900055D465 /* CleanView.swift in Sources */,
				C7C5D79928B5C6900055D465 /* FirebaseCommand.swift in Sources */,
				C7C5D79828B5C6900055D465 /* Command.swift in Sources */,
				C7E0FFC128B5F44C00231E5F /* ADItem.swift in Sources */,
				C7C5D7A128B5C6900055D465 /* RootView.swift in Sources */,
			);
			runOnlyForDeploymentPostprocessing = 0;
		};
/* End PBXSourcesBuildPhase section */

/* Begin XCBuildConfiguration section */
		21714BC528B5BCF600C5C041 /* Debug */ = {
			isa = XCBuildConfiguration;
			buildSettings = {
				ALWAYS_SEARCH_USER_PATHS = NO;
				CLANG_ANALYZER_NONNULL = YES;
				CLANG_ANALYZER_NUMBER_OBJECT_CONVERSION = YES_AGGRESSIVE;
				CLANG_CXX_LANGUAGE_STANDARD = "gnu++17";
				CLANG_ENABLE_MODULES = YES;
				CLANG_ENABLE_OBJC_ARC = YES;
				CLANG_ENABLE_OBJC_WEAK = YES;
				CLANG_WARN_BLOCK_CAPTURE_AUTORELEASING = YES;
				CLANG_WARN_BOOL_CONVERSION = YES;
				CLANG_WARN_COMMA = YES;
				CLANG_WARN_CONSTANT_CONVERSION = YES;
				CLANG_WARN_DEPRECATED_OBJC_IMPLEMENTATIONS = YES;
				CLANG_WARN_DIRECT_OBJC_ISA_USAGE = YES_ERROR;
				CLANG_WARN_DOCUMENTATION_COMMENTS = YES;
				CLANG_WARN_EMPTY_BODY = YES;
				CLANG_WARN_ENUM_CONVERSION = YES;
				CLANG_WARN_INFINITE_RECURSION = YES;
				CLANG_WARN_INT_CONVERSION = YES;
				CLANG_WARN_NON_LITERAL_NULL_CONVERSION = YES;
				CLANG_WARN_OBJC_IMPLICIT_RETAIN_SELF = YES;
				CLANG_WARN_OBJC_LITERAL_CONVERSION = YES;
				CLANG_WARN_OBJC_ROOT_CLASS = YES_ERROR;
				CLANG_WARN_QUOTED_INCLUDE_IN_FRAMEWORK_HEADER = YES;
				CLANG_WARN_RANGE_LOOP_ANALYSIS = YES;
				CLANG_WARN_STRICT_PROTOTYPES = YES;
				CLANG_WARN_SUSPICIOUS_MOVE = YES;
				CLANG_WARN_UNGUARDED_AVAILABILITY = YES_AGGRESSIVE;
				CLANG_WARN_UNREACHABLE_CODE = YES;
				CLANG_WARN__DUPLICATE_METHOD_MATCH = YES;
				COPY_PHASE_STRIP = NO;
				DEBUG_INFORMATION_FORMAT = dwarf;
				ENABLE_STRICT_OBJC_MSGSEND = YES;
				ENABLE_TESTABILITY = YES;
				GCC_C_LANGUAGE_STANDARD = gnu11;
				GCC_DYNAMIC_NO_PIC = NO;
				GCC_NO_COMMON_BLOCKS = YES;
				GCC_OPTIMIZATION_LEVEL = 0;
				GCC_PREPROCESSOR_DEFINITIONS = (
					"DEBUG=1",
					"$(inherited)",
				);
				GCC_WARN_64_TO_32_BIT_CONVERSION = YES;
				GCC_WARN_ABOUT_RETURN_TYPE = YES_ERROR;
				GCC_WARN_UNDECLARED_SELECTOR = YES;
				GCC_WARN_UNINITIALIZED_AUTOS = YES_AGGRESSIVE;
				GCC_WARN_UNUSED_FUNCTION = YES;
				GCC_WARN_UNUSED_VARIABLE = YES;
				IPHONEOS_DEPLOYMENT_TARGET = 14.0;
				MTL_ENABLE_DEBUG_INFO = INCLUDE_SOURCE;
				MTL_FAST_MATH = YES;
				ONLY_ACTIVE_ARCH = YES;
				SDKROOT = iphoneos;
				SWIFT_ACTIVE_COMPILATION_CONDITIONS = DEBUG;
				SWIFT_OPTIMIZATION_LEVEL = "-Onone";
			};
			name = Debug;
		};
		21714BC628B5BCF600C5C041 /* Release */ = {
			isa = XCBuildConfiguration;
			buildSettings = {
				ALWAYS_SEARCH_USER_PATHS = NO;
				CLANG_ANALYZER_NONNULL = YES;
				CLANG_ANALYZER_NUMBER_OBJECT_CONVERSION = YES_AGGRESSIVE;
				CLANG_CXX_LANGUAGE_STANDARD = "gnu++17";
				CLANG_ENABLE_MODULES = YES;
				CLANG_ENABLE_OBJC_ARC = YES;
				CLANG_ENABLE_OBJC_WEAK = YES;
				CLANG_WARN_BLOCK_CAPTURE_AUTORELEASING = YES;
				CLANG_WARN_BOOL_CONVERSION = YES;
				CLANG_WARN_COMMA = YES;
				CLANG_WARN_CONSTANT_CONVERSION = YES;
				CLANG_WARN_DEPRECATED_OBJC_IMPLEMENTATIONS = YES;
				CLANG_WARN_DIRECT_OBJC_ISA_USAGE = YES_ERROR;
				CLANG_WARN_DOCUMENTATION_COMMENTS = YES;
				CLANG_WARN_EMPTY_BODY = YES;
				CLANG_WARN_ENUM_CONVERSION = YES;
				CLANG_WARN_INFINITE_RECURSION = YES;
				CLANG_WARN_INT_CONVERSION = YES;
				CLANG_WARN_NON_LITERAL_NULL_CONVERSION = YES;
				CLANG_WARN_OBJC_IMPLICIT_RETAIN_SELF = YES;
				CLANG_WARN_OBJC_LITERAL_CONVERSION = YES;
				CLANG_WARN_OBJC_ROOT_CLASS = YES_ERROR;
				CLANG_WARN_QUOTED_INCLUDE_IN_FRAMEWORK_HEADER = YES;
				CLANG_WARN_RANGE_LOOP_ANALYSIS = YES;
				CLANG_WARN_STRICT_PROTOTYPES = YES;
				CLANG_WARN_SUSPICIOUS_MOVE = YES;
				CLANG_WARN_UNGUARDED_AVAILABILITY = YES_AGGRESSIVE;
				CLANG_WARN_UNREACHABLE_CODE = YES;
				CLANG_WARN__DUPLICATE_METHOD_MATCH = YES;
				COPY_PHASE_STRIP = NO;
				DEBUG_INFORMATION_FORMAT = "dwarf-with-dsym";
				ENABLE_NS_ASSERTIONS = NO;
				ENABLE_STRICT_OBJC_MSGSEND = YES;
				GCC_C_LANGUAGE_STANDARD = gnu11;
				GCC_NO_COMMON_BLOCKS = YES;
				GCC_WARN_64_TO_32_BIT_CONVERSION = YES;
				GCC_WARN_ABOUT_RETURN_TYPE = YES_ERROR;
				GCC_WARN_UNDECLARED_SELECTOR = YES;
				GCC_WARN_UNINITIALIZED_AUTOS = YES_AGGRESSIVE;
				GCC_WARN_UNUSED_FUNCTION = YES;
				GCC_WARN_UNUSED_VARIABLE = YES;
				IPHONEOS_DEPLOYMENT_TARGET = 14.0;
				MTL_ENABLE_DEBUG_INFO = NO;
				MTL_FAST_MATH = YES;
				SDKROOT = iphoneos;
				SWIFT_COMPILATION_MODE = wholemodule;
				SWIFT_OPTIMIZATION_LEVEL = "-O";
				VALIDATE_PRODUCT = YES;
			};
			name = Release;
		};
		21714BC828B5BCF600C5C041 /* Debug */ = {
			isa = XCBuildConfiguration;
			baseConfigurationReference = 95FFB69C420274948892904A /* Pods-LightingBrowser.debug.xcconfig */;
			buildSettings = {
				ASSETCATALOG_COMPILER_APPICON_NAME = AppIcon;
				ASSETCATALOG_COMPILER_GLOBAL_ACCENT_COLOR_NAME = AccentColor;
				CODE_SIGN_STYLE = Automatic;
				CURRENT_PROJECT_VERSION = 1;
				DEVELOPMENT_ASSET_PATHS = "\"LightingBrowser/Preview Content\"";
				DEVELOPMENT_TEAM = 7HTJ8C6E28;
				ENABLE_PREVIEWS = YES;
				GENERATE_INFOPLIST_FILE = YES;
				INFOPLIST_FILE = LightingBrowser/Info.plist;
				INFOPLIST_KEY_NSUserTrackingUsageDescription = "Please allow access to your activity tracking to provide personalized push services and reduce interference caused by irrelevant services.";
				INFOPLIST_KEY_UIApplicationSceneManifest_Generation = YES;
				INFOPLIST_KEY_UIApplicationSupportsIndirectInputEvents = YES;
				INFOPLIST_KEY_UILaunchScreen_Generation = YES;
				INFOPLIST_KEY_UILaunchStoryboardName = "Launch Screen";
				INFOPLIST_KEY_UISupportedInterfaceOrientations_iPad = "UIInterfaceOrientationPortrait UIInterfaceOrientationPortraitUpsideDown UIInterfaceOrientationLandscapeLeft UIInterfaceOrientationLandscapeRight";
				INFOPLIST_KEY_UISupportedInterfaceOrientations_iPhone = UIInterfaceOrientationPortrait;
				INFOPLIST_KEY_UIUserInterfaceStyle = Light;
				IPHONEOS_DEPLOYMENT_TARGET = 14.0;
				LD_RUNPATH_SEARCH_PATHS = (
					"$(inherited)",
					"@executable_path/Frameworks",
				);
				MARKETING_VERSION = 1.0.0;
				PRODUCT_BUNDLE_IDENTIFIER = com.browser.lighting.show.school.test;
				PRODUCT_NAME = "$(TARGET_NAME)";
				SWIFT_EMIT_LOC_STRINGS = YES;
				SWIFT_VERSION = 5.0;
				TARGETED_DEVICE_FAMILY = 1;
			};
			name = Debug;
		};
		21714BC928B5BCF600C5C041 /* Release */ = {
			isa = XCBuildConfiguration;
			baseConfigurationReference = D67D61B76627BEF442D4B952 /* Pods-LightingBrowser.release.xcconfig */;
			buildSettings = {
				ASSETCATALOG_COMPILER_APPICON_NAME = AppIcon;
				ASSETCATALOG_COMPILER_GLOBAL_ACCENT_COLOR_NAME = AccentColor;
				CODE_SIGN_STYLE = Automatic;
				CURRENT_PROJECT_VERSION = 1;
				DEVELOPMENT_ASSET_PATHS = "\"LightingBrowser/Preview Content\"";
				DEVELOPMENT_TEAM = 7HTJ8C6E28;
				ENABLE_PREVIEWS = YES;
				GENERATE_INFOPLIST_FILE = YES;
				INFOPLIST_FILE = LightingBrowser/Info.plist;
				INFOPLIST_KEY_NSUserTrackingUsageDescription = "Please allow access to your activity tracking to provide personalized push services and reduce interference caused by irrelevant services.";
				INFOPLIST_KEY_UIApplicationSceneManifest_Generation = YES;
				INFOPLIST_KEY_UIApplicationSupportsIndirectInputEvents = YES;
				INFOPLIST_KEY_UILaunchScreen_Generation = YES;
				INFOPLIST_KEY_UILaunchStoryboardName = "Launch Screen";
				INFOPLIST_KEY_UISupportedInterfaceOrientations_iPad = "UIInterfaceOrientationPortrait UIInterfaceOrientationPortraitUpsideDown UIInterfaceOrientationLandscapeLeft UIInterfaceOrientationLandscapeRight";
				INFOPLIST_KEY_UISupportedInterfaceOrientations_iPhone = UIInterfaceOrientationPortrait;
				INFOPLIST_KEY_UIUserInterfaceStyle = Light;
				IPHONEOS_DEPLOYMENT_TARGET = 14.0;
				LD_RUNPATH_SEARCH_PATHS = (
					"$(inherited)",
					"@executable_path/Frameworks",
				);
				MARKETING_VERSION = 1.0.0;
				PRODUCT_BUNDLE_IDENTIFIER = com.browser.lighting.show.school.test;
				PRODUCT_NAME = "$(TARGET_NAME)";
				SWIFT_EMIT_LOC_STRINGS = YES;
				SWIFT_VERSION = 5.0;
				TARGETED_DEVICE_FAMILY = 1;
			};
			name = Release;
		};
/* End XCBuildConfiguration section */

/* Begin XCConfigurationList section */
		21714BB428B5BCE600C5C041 /* Build configuration list for PBXProject "LightingBrowser" */ = {
			isa = XCConfigurationList;
			buildConfigurations = (
				21714BC528B5BCF600C5C041 /* Debug */,
				21714BC628B5BCF600C5C041 /* Release */,
			);
			defaultConfigurationIsVisible = 0;
			defaultConfigurationName = Release;
		};
		21714BC728B5BCF600C5C041 /* Build configuration list for PBXNativeTarget "LightingBrowser" */ = {
			isa = XCConfigurationList;
			buildConfigurations = (
				21714BC828B5BCF600C5C041 /* Debug */,
				21714BC928B5BCF600C5C041 /* Release */,
			);
			defaultConfigurationIsVisible = 0;
			defaultConfigurationName = Release;
		};
/* End XCConfigurationList section */
	};
	rootObject = 21714BB128B5BCE600C5C041 /* Project object */;
}
